
Microsoft Visual Studio Solution File, Format Version 12.00
# Visual Studio Version 17
VisualStudioVersion = 17.5.002.0
MinimumVisualStudioVersion = 10.0.40219.1
Project("{9A19103F-16F7-4668-BE54-9A1E7A4F7556}") = "PlanetApp", "PlanetApp.csproj", "{54BED850-556C-4568-87B1-626E86FDCFE9}"
EndProject
Global
	GlobalSection(SolutionConfigurationPlatforms) = preSolution
		Debug|Any CPU = Debug|Any CPU
		Release|Any CPU = Release|Any CPU
	EndGlobalSection
	GlobalSection(ProjectConfigurationPlatforms) = postSolution
		{54BED850-556C-4568-87B1-626E86FDCFE9}.Debug|Any CPU.ActiveCfg = Debug|Any CPU
		{54BED850-556C-4568-87B1-626E86FDCFE9}.Debug|Any CPU.Build.0 = Debug|Any CPU
		{54BED850-556C-4568-87B1-626E86FDCFE9}.Release|Any CPU.ActiveCfg = Release|Any CPU
		{54BED850-556C-4568-87B1-626E86FDCFE9}.Release|Any CPU.Build.0 = Release|Any CPU
	EndGlobalSection
	GlobalSection(SolutionProperties) = preSolution
		HideSolutionNode = FALSE
	EndGlobalSection
	GlobalSection(ExtensibilityGlobals) = postSolution
		SolutionGuid = {C2909AE3-8C37-49DD-9DE2-DC7675887F91}
	EndGlobalSection
EndGlobal
